lockfileVersion: '9.0'

settings:
  autoInstallPeers: true
  excludeLinksFromLockfile: false

importers:

  .:
    devDependencies:
      '@tty-pt/mk':
        specifier: ^0.1.10
        version: 0.1.10
      '@tty-pt/qmap':
        specifier: ^0.0.10
        version: 0.0.10(@tty-pt/mk@0.1.10)(@tty-pt/qsys@0.0.9(@tty-pt/mk@0.1.10))
      '@tty-pt/qsys':
        specifier: ^0.0.9
        version: 0.0.9(@tty-pt/mk@0.1.10)

packages:

  '@tty-pt/mk@0.1.10':
    resolution: {integrity: sha512-EyPb4Fg8T7zEJoRngeDAPQHAxbOChIFuDTsLcSIbSbI3s34PUV3C5cs0G3IBpwepMZUQi1/RX5yDWAujHw3iUg==}

  '@tty-pt/qmap@0.0.10':
    resolution: {integrity: sha512-aWzMSi6Qh51g1xP/HMXBGZ55eTHtt0ZhLBmyj7CPJP8O1s4LdvZ/PzJSehBoFvYV7uIi0kz962/6suiI3NB3eQ==}
    peerDependencies:
      '@tty-pt/mk': ^0.1.9
      '@tty-pt/qsys': ^0.0.9

  '@tty-pt/qsys@0.0.9':
    resolution: {integrity: sha512-aXQCoH0uEFNvxGEeU6bbsms5CUQbHxlaHhUV5/Do0aaC+lbrQF0jaO8IguLOSmy/z1Et+i5WlInGmkUVTtgsCw==}
    peerDependencies:
      '@tty-pt/mk': ^0.1.9

snapshots:

  '@tty-pt/mk@0.1.10': {}

  '@tty-pt/qmap@0.0.10(@tty-pt/mk@0.1.10)(@tty-pt/qsys@0.0.9(@tty-pt/mk@0.1.10))':
    dependencies:
      '@tty-pt/mk': 0.1.10
      '@tty-pt/qsys': 0.0.9(@tty-pt/mk@0.1.10)

  '@tty-pt/qsys@0.0.9(@tty-pt/mk@0.1.10)':
    dependencies:
      '@tty-pt/mk': 0.1.10
